
Microsoft Visual Studio Solution File, Format Version 12.00
# Visual Studio 14
VisualStudioVersion = 14.0.25420.1
MinimumVisualStudioVersion = 10.0.40219.1
Project("{FAE04EC0-301F-11D3-BF4B-00C04F79EFBC}") = "Task1", "Task1\Task1.csproj", "{8F0BE356-C78B-41DD-BDD5-2F3EFCE3C31A}"
EndProject
Project("{FAE04EC0-301F-11D3-BF4B-00C04F79EFBC}") = "Task2", "Task2\Task2.csproj", "{C6F88139-A884-447E-9250-09E76BBFAF03}"
EndProject
Project("{FAE04EC0-301F-11D3-BF4B-00C04F79EFBC}") = "Task3", "Task3\Task3.csproj", "{AE0CE172-62D8-4661-AC40-D63E948DB150}"
EndProject
Global
	GlobalSection(SolutionConfigurationPlatforms) = preSolution
		Debug|Any CPU = Debug|Any CPU
		Release|Any CPU = Release|Any CPU
	EndGlobalSection
	GlobalSection(ProjectConfigurationPlatforms) = postSolution
		{8F0BE356-C78B-41DD-BDD5-2F3EFCE3C31A}.Debug|Any CPU.ActiveCfg = Debug|Any CPU
		{8F0BE356-C78B-41DD-BDD5-2F3EFCE3C31A}.Debug|Any CPU.Build.0 = Debug|Any CPU
		{8F0BE356-C78B-41DD-BDD5-2F3EFCE3C31A}.Release|Any CPU.ActiveCfg = Release|Any CPU
		{8F0BE356-C78B-41DD-BDD5-2F3EFCE3C31A}.Release|Any CPU.Build.0 = Release|Any CPU
		{C6F88139-A884-447E-9250-09E76BBFAF03}.Debug|Any CPU.ActiveCfg = Debug|Any CPU
		{C6F88139-A884-447E-9250-09E76BBFAF03}.Debug|Any CPU.Build.0 = Debug|Any CPU
		{C6F88139-A884-447E-9250-09E76BBFAF03}.Release|Any CPU.ActiveCfg = Release|Any CPU
		{C6F88139-A884-447E-9250-09E76BBFAF03}.Release|Any CPU.Build.0 = Release|Any CPU
		{AE0CE172-62D8-4661-AC40-D63E948DB150}.Debug|Any CPU.ActiveCfg = Debug|Any CPU
		{AE0CE172-62D8-4661-AC40-D63E948DB150}.Debug|Any CPU.Build.0 = Debug|Any CPU
		{AE0CE172-62D8-4661-AC40-D63E948DB150}.Release|Any CPU.ActiveCfg = Release|Any CPU
		{AE0CE172-62D8-4661-AC40-D63E948DB150}.Release|Any CPU.Build.0 = Release|Any CPU
	EndGlobalSection
	GlobalSection(SolutionProperties) = preSolution
		HideSolutionNode = FALSE
	EndGlobalSection
EndGlobal
